
Microsoft Visual Studio Solution File, Format Version 12.00
# Visual Studio 2013
VisualStudioVersion = 12.0.0.0
MinimumVisualStudioVersion = 10.0.0.1
Project("{FAE04EC0-301F-11D3-BF4B-00C04F79EFBC}") = "ComponentC", "ComponentC/ComponentC.csproj", "{59F7A31E-B080-4670-B20F-880F63E8775A}"
EndProject
Global
	GlobalSection(SolutionConfigurationPlatforms) = preSolution
		Debug|Any CPU = Debug|Any CPU
		Release|Any CPU = Release|Any CPU
	EndGlobalSection
	GlobalSection(ProjectConfigurationPlatforms) = postSolution
		{59F7A31E-B080-4670-B20F-880F63E8775A}.Debug|Any CPU.ActiveCfg = Debug|Any CPU
		{59F7A31E-B080-4670-B20F-880F63E8775A}.Debug|Any CPU.Build.0 = Debug|Any CPU
		{59F7A31E-B080-4670-B20F-880F63E8775A}.Release|Any CPU.ActiveCfg = Release|Any CPU
		{59F7A31E-B080-4670-B20F-880F63E8775A}.Release|Any CPU.Build.0 = Release|Any CPU
	EndGlobalSection
	GlobalSection(SolutionProperties) = preSolution
		HideSolutionNode = FALSE
	EndGlobalSection
EndGlobal
